// !$*UTF8*$!
{
	archiveVersion = 1;
	classes = {
	};
	objectVersion = 46;
	objects = {

/* Begin PBXBuildFile section */
		58C861C91F63ABE400FE1ED7 /* AppDelegate.swift in Sources */ = {isa = PBXBuildFile; fileRef = 58C861C81F63ABE400FE1ED7 /* AppDelegate.swift */; };
		58C861CB1F63ABE400FE1ED7 /* ViewController.swift in Sources */ = {isa = PBXBuildFile; fileRef = 58C861CA1F63ABE400FE1ED7 /* ViewController.swift */; };
		58C861CE1F63ABE400FE1ED7 /* Main.storyboard in Resources */ = {isa = PBXBuildFile; fileRef = 58C861CC1F63ABE400FE1ED7 /* Main.storyboard */; };
		58C861D01F63ABE400FE1ED7 /* Assets.xcassets in Resources */ = {isa = PBXBuildFile; fileRef = 58C861CF1F63ABE400FE1ED7 /* Assets.xcassets */; };
		58C861D31F63ABE400FE1ED7 /* LaunchScreen.storyboard in Resources */ = {isa = PBXBuildFile; fileRef = 58C861D11F63ABE400FE1ED7 /* LaunchScreen.storyboard */; };
		58C861DE1F63ABE400FE1ED7 /* addition1Tests.swift in Sources */ = {isa = PBXBuildFile; fileRef = 58C861DD1F63ABE400FE1ED7 /* addition1Tests.swift */; };
		58C861E91F63ABE400FE1ED7 /* addition1UITests.swift in Sources */ = {isa = PBXBuildFile; fileRef = 58C861E81F63ABE400FE1ED7 /* addition1UITests.swift */; };
		58C861F71F63C00A00FE1ED7 /* gor-badoyan-271404.jpg in Resources */ = {isa = PBXBuildFile; fileRef = 58C861F61F63C00A00FE1ED7 /* gor-badoyan-271404.jpg */; };
/* End PBXBuildFile section */

/* Begin PBXContainerItemProxy section */
		58C861DA1F63ABE400FE1ED7 /* PBXContainerItemProxy */ = {
			isa = PBXContainerItemProxy;
			containerPortal = 58C861BD1F63ABE400FE1ED7 /* Project object */;
			proxyType = 1;
			remoteGlobalIDString = 58C861C41F63ABE400FE1ED7;
			remoteInfo = addition1;
		};
		58C861E51F63ABE400FE1ED7 /* PBXContainerItemProxy */ = {
			isa = PBXContainerItemProxy;
			containerPortal = 58C861BD1F63ABE400FE1ED7 /* Project object */;
			proxyType = 1;
			remoteGlobalIDString = 58C861C41F63ABE400FE1ED7;
			remoteInfo = addition1;
		};
/* End PBXContainerItemProxy section */

/* Begin PBXFileReference section */
		58C861C51F63ABE400FE1ED7 /* addition1.app */ = {isa = PBXFileReference; explicitFileType = wrapper.application; includeInIndex = 0; path = addition1.app; sourceTree = BUILT_PRODUCTS_DIR; };
		58C861C81F63ABE400FE1ED7 /* AppDelegate.swift */ = {isa = PBXFileReference; lastKnownFileType = sourcecode.swift; path = AppDelegate.swift; sourceTree = "<group>"; };
		58C861CA1F63ABE400FE1ED7 /* ViewController.swift */ = {isa = PBXFileReference; lastKnownFileType = sourcecode.swift; path = ViewController.swift; sourceTree = "<group>"; };
		58C861CD1F63ABE400FE1ED7 /* Base */ = {isa = PBXFileReference; lastKnownFileType = file.storyboard; name = Base; path = Base.lproj/Main.storyboard; sourceTree = "<group>"; };
		58C861CF1F63ABE400FE1ED7 /* Assets.xcassets */ = {isa = PBXFileReference; lastKnownFileType = folder.assetcatalog; path = Assets.xcassets; sourceTree = "<group>"; };
		58C861D21F63ABE400FE1ED7 /* Base */ = {isa = PBXFileReference; lastKnownFileType = file.storyboard; name = Base; path = Base.lproj/LaunchScreen.storyboard; sourceTree = "<group>"; };
		58C861D41F63ABE400FE1ED7 /* Info.plist */ = {isa = PBXFileReference; lastKnownFileType = text.plist.xml; path = Info.plist; sourceTree = "<group>"; };
		58C861D91F63ABE400FE1ED7 /* addition1Tests.xctest */ = {isa = PBXFileReference; explicitFileType = wrapper.cfbundle; includeInIndex = 0; path = addition1Tests.xctest; sourceTree = BUILT_PRODUCTS_DIR; };
		58C861DD1F63ABE400FE1ED7 /* addition1Tests.swift */ = {isa = PBXFileReference; lastKnownFileType = sourcecode.swift; path = addition1Tests.swift; sourceTree = "<group>"; };
		58C861DF1F63ABE400FE1ED7 /* Info.plist */ = {isa = PBXFileReference; lastKnownFileType = text.plist.xml; path = Info.plist; sourceTree = "<group>"; };
		58C861E41F63ABE400FE1ED7 /* addition1UITests.xctest */ = {isa = PBXFileReference; explicitFileType = wrapper.cfbundle; includeInIndex = 0; path = addition1UITests.xctest; sourceTree = BUILT_PRODUCTS_DIR; };
		58C861E81F63ABE400FE1ED7 /* addition1UITests.swift */ = {isa = PBXFileReference; lastKnownFileType = sourcecode.swift; path = addition1UITests.swift; sourceTree = "<group>"; };
		58C861EA1F63ABE400FE1ED7 /* Info.plist */ = {isa = PBXFileReference; lastKnownFileType = text.plist.xml; path = Info.plist; sourceTree = "<group>"; };
		58C861F61F63C00A00FE1ED7 /* gor-badoyan-271404.jpg */ = {isa = PBXFileReference; lastKnownFileType = image.jpeg; name = "gor-badoyan-271404.jpg"; path = "../../../../../Downloads/gor-badoyan-271404.jpg"; sourceTree = "<group>"; };
/* End PBXFileReference section */

/* Begin PBXFrameworksBuildPhase section */
		58C861C21F63ABE400FE1ED7 /* Frameworks */ = {
			isa = PBXFrameworksBuildPhase;
			buildActionMask = 2147483647;
			files = (
			);
			runOnlyForDeploymentPostprocessing = 0;
		};
		58C861D61F63ABE400FE1ED7 /* Frameworks */ = {
			isa = PBXFrameworksBuildPhase;
			buildActionMask = 2147483647;
			files = (
			);
			runOnlyForDeploymentPostprocessing = 0;
		};
		58C861E11F63ABE400FE1ED7 /* Frameworks */ = {
			isa = PBXFrameworksBuildPhase;
			buildActionMask = 2147483647;
			files = (
			);
			runOnlyForDeploymentPostprocessing = 0;
		};
/* End PBXFrameworksBuildPhase section */

/* Begin PBXGroup section */
		58C861BC1F63ABE400FE1ED7 = {
			isa = PBXGroup;
			children = (
				58C861C71F63ABE400FE1ED7 /* addition1 */,
				58C861DC1F63ABE400FE1ED7 /* addition1Tests */,
				58C861E71F63ABE400FE1ED7 /* addition1UITests */,
				58C861C61F63ABE400FE1ED7 /* Products */,
			);
			sourceTree = "<group>";
		};
		58C861C61F63ABE400FE1ED7 /* Products */ = {
			isa = PBXGroup;
			children = (
				58C861C51F63ABE400FE1ED7 /* addition1.app */,
				58C861D91F63ABE400FE1ED7 /* addition1Tests.xctest */,
				58C861E41F63ABE400FE1ED7 /* addition1UITests.xctest */,
			);
			name = Products;
			sourceTree = "<group>";
		};
		58C861C71F63ABE400FE1ED7 /* addition1 */ = {
			isa = PBXGroup;
			children = (
				58C861F61F63C00A00FE1ED7 /* gor-badoyan-271404.jpg */,
				58C861C81F63ABE400FE1ED7 /* AppDelegate.swift */,
				58C861CA1F63ABE400FE1ED7 /* ViewController.swift */,
				58C861CC1F63ABE400FE1ED7 /* Main.storyboard */,
				58C861CF1F63ABE400FE1ED7 /* Assets.xcassets */,
				58C861D11F63ABE400FE1ED7 /* LaunchScreen.storyboard */,
				58C861D41F63ABE400FE1ED7 /* Info.plist */,
			);
			path = addition1;
			sourceTree = "<group>";
		};
		58C861DC1F63ABE400FE1ED7 /* addition1Tests */ = {
			isa = PBXGroup;
			children = (
				58C861DD1F63ABE400FE1ED7 /* addition1Tests.swift */,
				58C861DF1F63ABE400FE1ED7 /* Info.plist */,
			);
			path = addition1Tests;
			sourceTree = "<group>";
		};
		58C861E71F63ABE400FE1ED7 /* addition1UITests */ = {
			isa = PBXGroup;
			children = (
				58C861E81F63ABE400FE1ED7 /* addition1UITests.swift */,
				58C861EA1F63ABE400FE1ED7 /* Info.plist */,
			);
			path = addition1UITests;
			sourceTree = "<group>";
		};
/* End PBXGroup section */

/* Begin PBXNativeTarget section */
		58C861C41F63ABE400FE1ED7 /* addition1 */ = {
			isa = PBXNativeTarget;
			buildConfigurationList = 58C861ED1F63ABE400FE1ED7 /* Build configuration list for PBXNativeTarget "addition1" */;
			buildPhases = (
				58C861C11F63ABE400FE1ED7 /* Sources */,
				58C861C21F63ABE400FE1ED7 /* Frameworks */,
				58C861C31F63ABE400FE1ED7 /* Resources */,
			);
			buildRules = (
			);
			dependencies = (
			);
			name = addition1;
			productName = addition1;
			productReference = 58C861C51F63ABE400FE1ED7 /* addition1.app */;
			productType = "com.apple.product-type.application";
		};
		58C861D81F63ABE400FE1ED7 /* addition1Tests */ = {
			isa = PBXNativeTarget;
			buildConfigurationList = 58C861F01F63ABE400FE1ED7 /* Build configuration list for PBXNativeTarget "addition1Tests" */;
			buildPhases = (
				58C861D51F63ABE400FE1ED7 /* Sources */,
				58C861D61F63ABE400FE1ED7 /* Frameworks */,
				58C861D71F63ABE400FE1ED7 /* Resources */,
			);
			buildRules = (
			);
			dependencies = (
				58C861DB1F63ABE400FE1ED7 /* PBXTargetDependency */,
			);
			name = addition1Tests;
			productName = addition1Tests;
			productReference = 58C861D91F63ABE400FE1ED7 /* addition1Tests.xctest */;
			productType = "com.apple.product-type.bundle.unit-test";
		};
		58C861E31F63ABE400FE1ED7 /* addition1UITests */ = {
			isa = PBXNativeTarget;
			buildConfigurationList = 58C861F31F63ABE400FE1ED7 /* Build configuration list for PBXNativeTarget "addition1UITests" */;
			buildPhases = (
				58C861E01F63ABE400FE1ED7 /* Sources */,
				58C861E11F63ABE400FE1ED7 /* Frameworks */,
				58C861E21F63ABE400FE1ED7 /* Resources */,
			);
			buildRules = (
			);
			dependencies = (
				58C861E61F63ABE400FE1ED7 /* PBXTargetDependency */,
			);
			name = addition1UITests;
			productName = addition1UITests;
			productReference = 58C861E41F63ABE400FE1ED7 /* addition1UITests.xctest */;
			productType = "com.apple.product-type.bundle.ui-testing";
		};
/* End PBXNativeTarget section */

/* Begin PBXProject section */
		58C861BD1F63ABE400FE1ED7 /* Project object */ = {
			isa = PBXProject;
			attributes = {
				LastSwiftUpdateCheck = 0830;
				LastUpgradeCheck = 0830;
				ORGANIZATIONNAME = TAWATER;
				TargetAttributes = {
					58C861C41F63ABE400FE1ED7 = {
						CreatedOnToolsVersion = 8.3.3;
						ProvisioningStyle = Automatic;
					};
					58C861D81F63ABE400FE1ED7 = {
						CreatedOnToolsVersion = 8.3.3;
						ProvisioningStyle = Automatic;
						TestTargetID = 58C861C41F63ABE400FE1ED7;
					};
					58C861E31F63ABE400FE1ED7 = {
						CreatedOnToolsVersion = 8.3.3;
						ProvisioningStyle = Automatic;
						TestTargetID = 58C861C41F63ABE400FE1ED7;
					};
				};
			};
			buildConfigurationList = 58C861C01F63ABE400FE1ED7 /* Build configuration list for PBXProject "addition1" */;
			compatibilityVersion = "Xcode 3.2";
			developmentRegion = English;
			hasScannedForEncodings = 0;
			knownRegions = (
				en,
				Base,
			);
			mainGroup = 58C861BC1F63ABE400FE1ED7;
			productRefGroup = 58C861C61F63ABE400FE1ED7 /* Products */;
			projectDirPath = "";
			projectRoot = "";
			targets = (
				58C861C41F63ABE400FE1ED7 /* addition1 */,
				58C861D81F63ABE400FE1ED7 /* addition1Tests */,
				58C861E31F63ABE400FE1ED7 /* addition1UITests */,
			);
		};
/* End PBXProject section */

/* Begin PBXResourcesBuildPhase section */
		58C861C31F63ABE400FE1ED7 /* Resources */ = {
			isa = PBXResourcesBuildPhase;
			buildActionMask = 2147483647;
			files = (
				58C861D31F63ABE400FE1ED7 /* LaunchScreen.storyboard in Resources */,
				58C861D01F63ABE400FE1ED7 /* Assets.xcassets in Resources */,
				58C861CE1F63ABE400FE1ED7 /* Main.storyboard in Resources */,
				58C861F71F63C00A00FE1ED7 /* gor-badoyan-271404.jpg in Resources */,
			);
			runOnlyForDeploymentPostprocessing = 0;
		};
		58C861D71F63ABE400FE1ED7 /* Resources */ = {
			isa = PBXResourcesBuildPhase;
			buildActionMask = 2147483647;
			files = (
			);
			runOnlyForDeploymentPostprocessing = 0;
		};
		58C861E21F63ABE400FE1ED7 /* Resources */ = {
			isa = PBXResourcesBuildPhase;
			buildActionMask = 2147483647;
			files = (
			);
			runOnlyForDeploymentPostprocessing = 0;
		};
/* End PBXResourcesBuildPhase section */

/* Begin PBXSourcesBuildPhase section */
		58C861C11F63ABE400FE1ED7 /* Sources */ = {
			isa = PBXSourcesBuildPhase;
			buildActionMask = 2147483647;
			files = (
				58C861CB1F63ABE400FE1ED7 /* ViewController.swift in Sources */,
				58C861C91F63ABE400FE1ED7 /* AppDelegate.swift in Sources */,
			);
			runOnlyForDeploymentPostprocessing = 0;
		};
		58C861D51F63ABE400FE1ED7 /* Sources */ = {
			isa = PBXSourcesBuildPhase;
			buildActionMask = 2147483647;
			files = (
				58C861DE1F63ABE400FE1ED7 /* addition1Tests.swift in Sources */,
			);
			runOnlyForDeploymentPostprocessing = 0;
		};
		58C861E01F63ABE400FE1ED7 /* Sources */ = {
			isa = PBXSourcesBuildPhase;
			buildActionMask = 2147483647;
			files = (
				58C861E91F63ABE400FE1ED7 /* addition1UITests.swift in Sources */,
			);
			runOnlyForDeploymentPostprocessing = 0;
		};
/* End PBXSourcesBuildPhase section */

/* Begin PBXTargetDependency section */
		58C861DB1F63ABE400FE1ED7 /* PBXTargetDependency */ = {
			isa = PBXTargetDependency;
			target = 58C861C41F63ABE400FE1ED7 /* addition1 */;
			targetProxy = 58C861DA1F63ABE400FE1ED7 /* PBXContainerItemProxy */;
		};
		58C861E61F63ABE400FE1ED7 /* PBXTargetDependency */ = {
			isa = PBXTargetDependency;
			target = 58C861C41F63ABE400FE1ED7 /* addition1 */;
			targetProxy = 58C861E51F63ABE400FE1ED7 /* PBXContainerItemProxy */;
		};
/* End PBXTargetDependency section */

/* Begin PBXVariantGroup section */
		58C861CC1F63ABE400FE1ED7 /* Main.storyboard */ = {
			isa = PBXVariantGroup;
			children = (
				58C861CD1F63ABE400FE1ED7 /* Base */,
			);
			name = Main.storyboard;
			sourceTree = "<group>";
		};
		58C861D11F63ABE400FE1ED7 /* LaunchScreen.storyboard */ = {
			isa = PBXVariantGroup;
			children = (
				58C861D21F63ABE400FE1ED7 /* Base */,
			);
			name = LaunchScreen.storyboard;
			sourceTree = "<group>";
		};
/* End PBXVariantGroup section */

/* Begin XCBuildConfiguration section */
		58C861EB1F63ABE400FE1ED7 /* Debug */ = {
			isa = XCBuildConfiguration;
			buildSettings = {
				ALWAYS_SEARCH_USER_PATHS = NO;
				CLANG_ANALYZER_NONNULL = YES;
				CLANG_ANALYZER_NUMBER_OBJECT_CONVERSION = YES_AGGRESSIVE;
				CLANG_CXX_LANGUAGE_STANDARD = "gnu++0x";
				CLANG_CXX_LIBRARY = "libc++";
				CLANG_ENABLE_MODULES = YES;
				CLANG_ENABLE_OBJC_ARC = YES;
				CLANG_WARN_BOOL_CONVERSION = YES;
				CLANG_WARN_CONSTANT_CONVERSION = YES;
				CLANG_WARN_DIRECT_OBJC_ISA_USAGE = YES_ERROR;
				CLANG_WARN_DOCUMENTATION_COMMENTS = YES;
				CLANG_WARN_EMPTY_BODY = YES;
				CLANG_WARN_ENUM_CONVERSION = YES;
				CLANG_WARN_INFINITE_RECURSION = YES;
				CLANG_WARN_INT_CONVERSION = YES;
				CLANG_WARN_OBJC_ROOT_CLASS = YES_ERROR;
				CLANG_WARN_SUSPICIOUS_MOVE = YES;
				CLANG_WARN_UNREACHABLE_CODE = YES;
				CLANG_WARN__DUPLICATE_METHOD_MATCH = YES;
				"CODE_SIGN_IDENTITY[sdk=iphoneos*]" = "iPhone Developer";
				COPY_PHASE_STRIP = NO;
				DEBUG_INFORMATION_FORMAT = dwarf;
				ENABLE_STRICT_OBJC_MSGSEND = YES;
				ENABLE_TESTABILITY = YES;
				GCC_C_LANGUAGE_STANDARD = gnu99;
				GCC_DYNAMIC_NO_PIC = NO;
				GCC_NO_COMMON_BLOCKS = YES;
				GCC_OPTIMIZATION_LEVEL = 0;
				GCC_PREPROCESSOR_DEFINITIONS = (
					"DEBUG=1",
					"$(inherited)",
				);
				GCC_WARN_64_TO_32_BIT_CONVERSION = YES;
				GCC_WARN_ABOUT_RETURN_TYPE = YES_ERROR;
				GCC_WARN_UNDECLARED_SELECTOR = YES;
				GCC_WARN_UNINITIALIZED_AUTOS = YES_AGGRESSIVE;
				GCC_WARN_UNUSED_FUNCTION = YES;
				GCC_WARN_UNUSED_VARIABLE = YES;
				IPHONEOS_DEPLOYMENT_TARGET = 10.3;
				MTL_ENABLE_DEBUG_INFO = YES;
				ONLY_ACTIVE_ARCH = YES;
				SDKROOT = iphoneos;
				SWIFT_ACTIVE_COMPILATION_CONDITIONS = DEBUG;
				SWIFT_OPTIMIZATION_LEVEL = "-Onone";
				TARGETED_DEVICE_FAMILY = "1,2";
			};
			name = Debug;
		};
		58C861EC1F63ABE400FE1ED7 /* Release */ = {
			isa = XCBuildConfiguration;
			buildSettings = {
				ALWAYS_SEARCH_USER_PATHS = NO;
				CLANG_ANALYZER_NONNULL = YES;
				CLANG_ANALYZER_NUMBER_OBJECT_CONVERSION = YES_AGGRESSIVE;
				CLANG_CXX_LANGUAGE_STANDARD = "gnu++0x";
				CLANG_CXX_LIBRARY = "libc++";
				CLANG_ENABLE_MODULES = YES;
				CLANG_ENABLE_OBJC_ARC = YES;
				CLANG_WARN_BOOL_CONVERSION = YES;
				CLANG_WARN_CONSTANT_CONVERSION = YES;
				CLANG_WARN_DIRECT_OBJC_ISA_USAGE = YES_ERROR;
				CLANG_WARN_DOCUMENTATION_COMMENTS = YES;
				CLANG_WARN_EMPTY_BODY = YES;
				CLANG_WARN_ENUM_CONVERSION = YES;
				CLANG_WARN_INFINITE_RECURSION = YES;
				CLANG_WARN_INT_CONVERSION = YES;
				CLANG_WARN_OBJC_ROOT_CLASS = YES_ERROR;
				CLANG_WARN_SUSPICIOUS_MOVE = YES;
				CLANG_WARN_UNREACHABLE_CODE = YES;
				CLANG_WARN__DUPLICATE_METHOD_MATCH = YES;
				"CODE_SIGN_IDENTITY[sdk=iphoneos*]" = "iPhone Developer";
				COPY_PHASE_STRIP = NO;
				DEBUG_INFORMATION_FORMAT = "dwarf-with-dsym";
				ENABLE_NS_ASSERTIONS = NO;
				ENABLE_STRICT_OBJC_MSGSEND = YES;
				GCC_C_LANGUAGE_STANDARD = gnu99;
				GCC_NO_COMMON_BLOCKS = YES;
				GCC_WARN_64_TO_32_BIT_CONVERSION = YES;
				GCC_WARN_ABOUT_RETURN_TYPE = YES_ERROR;
				GCC_WARN_UNDECLARED_SELECTOR = YES;
				GCC_WARN_UNINITIALIZED_AUTOS = YES_AGGRESSIVE;
				GCC_WARN_UNUSED_FUNCTION = YES;
				GCC_WARN_UNUSED_VARIABLE = YES;
				IPHONEOS_DEPLOYMENT_TARGET = 10.3;
				MTL_ENABLE_DEBUG_INFO = NO;
				SDKROOT = iphoneos;
				SWIFT_OPTIMIZATION_LEVEL = "-Owholemodule";
				TARGETED_DEVICE_FAMILY = "1,2";
				VALIDATE_PRODUCT = YES;
			};
			name = Release;
		};
		58C861EE1F63ABE400FE1ED7 /* Debug */ = {
			isa = XCBuildConfiguration;
			buildSettings = {
				ASSETCATALOG_COMPILER_APPICON_NAME = AppIcon;
				INFOPLIST_FILE = addition1/Info.plist;
				LD_RUNPATH_SEARCH_PATHS = "$(inherited) @executable_path/Frameworks";
				PRODUCT_BUNDLE_IDENTIFIER = app.TAWATER.addition1;
				PRODUCT_NAME = "$(TARGET_NAME)";
				SWIFT_VERSION = 3.0;
			};
			name = Debug;
		};
		58C861EF1F63ABE400FE1ED7 /* Release */ = {
			isa = XCBuildConfiguration;
			buildSettings = {
				ASSETCATALOG_COMPILER_APPICON_NAME = AppIcon;
				INFOPLIST_FILE = addition1/Info.plist;
				LD_RUNPATH_SEARCH_PATHS = "$(inherited) @executable_path/Frameworks";
				PRODUCT_BUNDLE_IDENTIFIER = app.TAWATER.addition1;
				PRODUCT_NAME = "$(TARGET_NAME)";
				SWIFT_VERSION = 3.0;
			};
			name = Release;
		};
		58C861F11F63ABE400FE1ED7 /* Debug */ = {
			isa = XCBuildConfiguration;
			buildSettings = {
				ALWAYS_EMBED_SWIFT_STANDARD_LIBRARIES = YES;
				BUNDLE_LOADER = "$(TEST_HOST)";
				INFOPLIST_FILE = addition1Tests/Info.plist;
				LD_RUNPATH_SEARCH_PATHS = "$(inherited) @executable_path/Frameworks @loader_path/Frameworks";
				PRODUCT_BUNDLE_IDENTIFIER = app.TAWATER.addition1Tests;
				PRODUCT_NAME = "$(TARGET_NAME)";
				SWIFT_VERSION = 3.0;
				TEST_HOST = "$(BUILT_PRODUCTS_DIR)/addition1.app/addition1";
			};
			name = Debug;
		};
		58C861F21F63ABE400FE1ED7 /* Release */ = {
			isa = XCBuildConfiguration;
			buildSettings = {
				ALWAYS_EMBED_SWIFT_STANDARD_LIBRARIES = YES;
				BUNDLE_LOADER = "$(TEST_HOST)";
				INFOPLIST_FILE = addition1Tests/Info.plist;
				LD_RUNPATH_SEARCH_PATHS = "$(inherited) @executable_path/Frameworks @loader_path/Frameworks";
				PRODUCT_BUNDLE_IDENTIFIER = app.TAWATER.addition1Tests;
				PRODUCT_NAME = "$(TARGET_NAME)";
				SWIFT_VERSION = 3.0;
				TEST_HOST = "$(BUILT_PRODUCTS_DIR)/addition1.app/addition1";
			};
			name = Release;
		};
		58C861F41F63ABE400FE1ED7 /* Debug */ = {
			isa = XCBuildConfiguration;
			buildSettings = {
				ALWAYS_EMBED_SWIFT_STANDARD_LIBRARIES = YES;
				INFOPLIST_FILE = addition1UITests/Info.plist;
				LD_RUNPATH_SEARCH_PATHS = "$(inherited) @executable_path/Frameworks @loader_path/Frameworks";
				PRODUCT_BUNDLE_IDENTIFIER = app.TAWATER.addition1UITests;
				PRODUCT_NAME = "$(TARGET_NAME)";
				SWIFT_VERSION = 3.0;
				TEST_TARGET_NAME = addition1;
			};
			name = Debug;
		};
		58C861F51F63ABE400FE1ED7 /* Release */ = {
			isa = XCBuildConfiguration;
			buildSettings = {
				ALWAYS_EMBED_SWIFT_STANDARD_LIBRARIES = YES;
				INFOPLIST_FILE = addition1UITests/Info.plist;
				LD_RUNPATH_SEARCH_PATHS = "$(inherited) @executable_path/Frameworks @loader_path/Frameworks";
				PRODUCT_BUNDLE_IDENTIFIER = app.TAWATER.addition1UITests;
				PRODUCT_NAME = "$(TARGET_NAME)";
				SWIFT_VERSION = 3.0;
				TEST_TARGET_NAME = addition1;
			};
			name = Release;
		};
/* End XCBuildConfiguration section */

/* Begin XCConfigurationList section */
		58C861C01F63ABE400FE1ED7 /* Build configuration list for PBXProject "addition1" */ = {
			isa = XCConfigurationList;
			buildConfigurations = (
				58C861EB1F63ABE400FE1ED7 /* Debug */,
				58C861EC1F63ABE400FE1ED7 /* Release */,
			);
			defaultConfigurationIsVisible = 0;
			defaultConfigurationName = Release;
		};
		58C861ED1F63ABE400FE1ED7 /* Build configuration list for PBXNativeTarget "addition1" */ = {
			isa = XCConfigurationList;
			buildConfigurations = (
				58C861EE1F63ABE400FE1ED7 /* Debug */,
				58C861EF1F63ABE400FE1ED7 /* Release */,
			);
			defaultConfigurationIsVisible = 0;
			defaultConfigurationName = Release;
		};
		58C861F01F63ABE400FE1ED7 /* Build configuration list for PBXNativeTarget "addition1Tests" */ = {
			isa = XCConfigurationList;
			buildConfigurations = (
				58C861F11F63ABE400FE1ED7 /* Debug */,
				58C861F21F63ABE400FE1ED7 /* Release */,
			);
			defaultConfigurationIsVisible = 0;
			defaultConfigurationName = Release;
		};
		58C861F31F63ABE400FE1ED7 /* Build configuration list for PBXNativeTarget "addition1UITests" */ = {
			isa = XCConfigurationList;
			buildConfigurations = (
				58C861F41F63ABE400FE1ED7 /* Debug */,
				58C861F51F63ABE400FE1ED7 /* Release */,
			);
			defaultConfigurationIsVisible = 0;
			defaultConfigurationName = Release;
		};
/* End XCConfigurationList section */
	};
	rootObject = 58C861BD1F63ABE400FE1ED7 /* Project object */;
}
